
Microsoft Visual Studio Solution File, Format Version 11.00
# Visual Studio 2010
Project("{FAE04EC0-301F-11D3-BF4B-00C04F79EFBC}") = "MvcMovie", "MvcMovie\MvcMovie.csproj", "{8E65BC61-E3A9-4351-AB15-1A9FF37AE414}"
EndProject
Global
	GlobalSection(SolutionConfigurationPlatforms) = preSolution
		Debug|Any CPU = Debug|Any CPU
		Release|Any CPU = Release|Any CPU
	EndGlobalSection
	GlobalSection(ProjectConfigurationPlatforms) = postSolution
		{8E65BC61-E3A9-4351-AB15-1A9FF37AE414}.Debug|Any CPU.ActiveCfg = Debug|Any CPU
		{8E65BC61-E3A9-4351-AB15-1A9FF37AE414}.Debug|Any CPU.Build.0 = Debug|Any CPU
		{8E65BC61-E3A9-4351-AB15-1A9FF37AE414}.Release|Any CPU.ActiveCfg = Release|Any CPU
		{8E65BC61-E3A9-4351-AB15-1A9FF37AE414}.Release|Any CPU.Build.0 = Release|Any CPU
	EndGlobalSection
	GlobalSection(SolutionProperties) = preSolution
		HideSolutionNode = FALSE
	EndGlobalSection
EndGlobal
